
Microsoft Visual Studio Solution File, Format Version 10.00
# Visual Studio 2008
Project("{F184B08F-C81C-45F6-A57F-5ABD9991F28F}") = "Intergration Example", "Intergration Example.vbproj", "{5E1E87C6-339D-456F-9CB9-1FE034059C0B}"
EndProject
Global
	GlobalSection(SolutionConfigurationPlatforms) = preSolution
		Debug|Any CPU = Debug|Any CPU
		Release|Any CPU = Release|Any CPU
	EndGlobalSection
	GlobalSection(ProjectConfigurationPlatforms) = postSolution
		{5E1E87C6-339D-456F-9CB9-1FE034059C0B}.Debug|Any CPU.ActiveCfg = Debug|Any CPU
		{5E1E87C6-339D-456F-9CB9-1FE034059C0B}.Debug|Any CPU.Build.0 = Debug|Any CPU
		{5E1E87C6-339D-456F-9CB9-1FE034059C0B}.Release|Any CPU.ActiveCfg = Release|Any CPU
		{5E1E87C6-339D-456F-9CB9-1FE034059C0B}.Release|Any CPU.Build.0 = Release|Any CPU
	EndGlobalSection
	GlobalSection(SolutionProperties) = preSolution
		HideSolutionNode = FALSE
	EndGlobalSection
EndGlobal
